
Microsoft Visual Studio Solution File, Format Version 12.00
# Visual Studio Version 17
VisualStudioVersion = 17.5.002.0
MinimumVisualStudioVersion = 10.0.40219.1
Project("{9A19103F-16F7-4668-BE54-9A1E7A4F7556}") = "Bankokeo", "Bankokeo.csproj", "{2CC51532-432A-4FB0-B3BB-5EA91E8B0A8A}"
EndProject
Global
	GlobalSection(SolutionConfigurationPlatforms) = preSolution
		Debug|Any CPU = Debug|Any CPU
		Release|Any CPU = Release|Any CPU
	EndGlobalSection
	GlobalSection(ProjectConfigurationPlatforms) = postSolution
		{2CC51532-432A-4FB0-B3BB-5EA91E8B0A8A}.Debug|Any CPU.ActiveCfg = Debug|Any CPU
		{2CC51532-432A-4FB0-B3BB-5EA91E8B0A8A}.Debug|Any CPU.Build.0 = Debug|Any CPU
		{2CC51532-432A-4FB0-B3BB-5EA91E8B0A8A}.Release|Any CPU.ActiveCfg = Release|Any CPU
		{2CC51532-432A-4FB0-B3BB-5EA91E8B0A8A}.Release|Any CPU.Build.0 = Release|Any CPU
	EndGlobalSection
	GlobalSection(SolutionProperties) = preSolution
		HideSolutionNode = FALSE
	EndGlobalSection
	GlobalSection(ExtensibilityGlobals) = postSolution
		SolutionGuid = {5042B70D-D40F-40DE-8629-5CAF0DFDD3C9}
	EndGlobalSection
EndGlobal
